
Microsoft Visual Studio Solution File, Format Version 12.00
# Visual Studio Version 16
VisualStudioVersion = 16.0.29230.47
MinimumVisualStudioVersion = 10.0.40219.1
Project("{8BC9CEB8-8B4A-11D0-8D11-00A0C91BC942}") = "Earleyev Parser", "Earleyev Parser\Earleyev Parser.vcxproj", "{6A4C8CC4-56B0-4834-9DD4-AD1D11F1B6D6}"
EndProject
Global
	GlobalSection(SolutionConfigurationPlatforms) = preSolution
		Debug|x64 = Debug|x64
		Debug|x86 = Debug|x86
		Release|x64 = Release|x64
		Release|x86 = Release|x86
	EndGlobalSection
	GlobalSection(ProjectConfigurationPlatforms) = postSolution
		{6A4C8CC4-56B0-4834-9DD4-AD1D11F1B6D6}.Debug|x64.ActiveCfg = Debug|x64
		{6A4C8CC4-56B0-4834-9DD4-AD1D11F1B6D6}.Debug|x64.Build.0 = Debug|x64
		{6A4C8CC4-56B0-4834-9DD4-AD1D11F1B6D6}.Debug|x86.ActiveCfg = Debug|Win32
		{6A4C8CC4-56B0-4834-9DD4-AD1D11F1B6D6}.Debug|x86.Build.0 = Debug|Win32
		{6A4C8CC4-56B0-4834-9DD4-AD1D11F1B6D6}.Release|x64.ActiveCfg = Release|x64
		{6A4C8CC4-56B0-4834-9DD4-AD1D11F1B6D6}.Release|x64.Build.0 = Release|x64
		{6A4C8CC4-56B0-4834-9DD4-AD1D11F1B6D6}.Release|x86.ActiveCfg = Release|Win32
		{6A4C8CC4-56B0-4834-9DD4-AD1D11F1B6D6}.Release|x86.Build.0 = Release|Win32
	EndGlobalSection
	GlobalSection(SolutionProperties) = preSolution
		HideSolutionNode = FALSE
	EndGlobalSection
	GlobalSection(ExtensibilityGlobals) = postSolution
		SolutionGuid = {77A256FC-8022-4DA7-B950-74477E8A8220}
	EndGlobalSection
EndGlobal
